
Microsoft Visual Studio Solution File, Format Version 12.00
# Visual Studio Version 17
VisualStudioVersion = 17.9.34701.34
MinimumVisualStudioVersion = 10.0.40219.1
Project("{FAE04EC0-301F-11D3-BF4B-00C04F79EFBC}") = "DownNotifier.WebApp", "WebApp\DownNotifier.WebApp.csproj", "{D3C0B464-7C4E-40A5-AC8A-5431FDD51B4B}"
EndProject
Project("{FAE04EC0-301F-11D3-BF4B-00C04F79EFBC}") = "DownNotifier.API", "WebApi\DownNotifier.API.csproj", "{D895B61B-6304-4B4A-98F7-1326CC20DE5E}"
EndProject
Global
	GlobalSection(SolutionConfigurationPlatforms) = preSolution
		Debug|Any CPU = Debug|Any CPU
		Release|Any CPU = Release|Any CPU
	EndGlobalSection
	GlobalSection(ProjectConfigurationPlatforms) = postSolution
		{D3C0B464-7C4E-40A5-AC8A-5431FDD51B4B}.Debug|Any CPU.ActiveCfg = Debug|Any CPU
		{D3C0B464-7C4E-40A5-AC8A-5431FDD51B4B}.Debug|Any CPU.Build.0 = Debug|Any CPU
		{D3C0B464-7C4E-40A5-AC8A-5431FDD51B4B}.Release|Any CPU.ActiveCfg = Release|Any CPU
		{D3C0B464-7C4E-40A5-AC8A-5431FDD51B4B}.Release|Any CPU.Build.0 = Release|Any CPU
		{D895B61B-6304-4B4A-98F7-1326CC20DE5E}.Debug|Any CPU.ActiveCfg = Debug|Any CPU
		{D895B61B-6304-4B4A-98F7-1326CC20DE5E}.Debug|Any CPU.Build.0 = Debug|Any CPU
		{D895B61B-6304-4B4A-98F7-1326CC20DE5E}.Release|Any CPU.ActiveCfg = Release|Any CPU
		{D895B61B-6304-4B4A-98F7-1326CC20DE5E}.Release|Any CPU.Build.0 = Release|Any CPU
	EndGlobalSection
	GlobalSection(SolutionProperties) = preSolution
		HideSolutionNode = FALSE
	EndGlobalSection
	GlobalSection(ExtensibilityGlobals) = postSolution
		SolutionGuid = {E97C6B39-4FCB-4D39-B923-32705E40267C}
	EndGlobalSection
EndGlobal
